// !$*UTF8*$!
{
	archiveVersion = 1;
	classes = {
	};
	objectVersion = 50;
	objects = {

/* Begin PBXBuildFile section */
		3A28989324BD1BCF004FF331 /* Landmark.swift in Sources */ = {isa = PBXBuildFile; fileRef = 3A28989224BD1BCF004FF331 /* Landmark.swift */; };
		3A2898B324BD1CC3004FF331 /* LandmarkRow.swift in Sources */ = {isa = PBXBuildFile; fileRef = 3A2898B224BD1CC3004FF331 /* LandmarkRow.swift */; };
		3A2898B524BD1DA6004FF331 /* Data.swift in Sources */ = {isa = PBXBuildFile; fileRef = 3A2898B424BD1DA6004FF331 /* Data.swift */; };
		3A2898B724BD1E88004FF331 /* LandmarkList.swift in Sources */ = {isa = PBXBuildFile; fileRef = 3A2898B624BD1E88004FF331 /* LandmarkList.swift */; };
		3A9C7E3B24BB9D07007D780F /* CircleImage.swift in Sources */ = {isa = PBXBuildFile; fileRef = 3A9C7E3A24BB9D07007D780F /* CircleImage.swift */; };
		3A9C7E3D24BB9D8E007D780F /* MapView.swift in Sources */ = {isa = PBXBuildFile; fileRef = 3A9C7E3C24BB9D8E007D780F /* MapView.swift */; };
		3ADFB11724BE6B0E00015B0C /* charleyrivers.jpg in Resources */ = {isa = PBXBuildFile; fileRef = 3ADFB10B24BE6B0E00015B0C /* charleyrivers.jpg */; };
		3ADFB11824BE6B0E00015B0C /* silversalmoncreek.jpg in Resources */ = {isa = PBXBuildFile; fileRef = 3ADFB10C24BE6B0E00015B0C /* silversalmoncreek.jpg */; };
		3ADFB11924BE6B0E00015B0C /* rainbowlake.jpg in Resources */ = {isa = PBXBuildFile; fileRef = 3ADFB10D24BE6B0E00015B0C /* rainbowlake.jpg */; };
		3ADFB11A24BE6B0E00015B0C /* turtlerock.jpg in Resources */ = {isa = PBXBuildFile; fileRef = 3ADFB10E24BE6B0E00015B0C /* turtlerock.jpg */; };
		3ADFB11B24BE6B0E00015B0C /* twinlake.jpg in Resources */ = {isa = PBXBuildFile; fileRef = 3ADFB10F24BE6B0E00015B0C /* twinlake.jpg */; };
		3ADFB11C24BE6B0E00015B0C /* chilkoottrail.jpg in Resources */ = {isa = PBXBuildFile; fileRef = 3ADFB11024BE6B0E00015B0C /* chilkoottrail.jpg */; };
		3ADFB11D24BE6B0E00015B0C /* lakemcdonald.jpg in Resources */ = {isa = PBXBuildFile; fileRef = 3ADFB11124BE6B0E00015B0C /* lakemcdonald.jpg */; };
		3ADFB11E24BE6B0E00015B0C /* icybay.jpg in Resources */ = {isa = PBXBuildFile; fileRef = 3ADFB11224BE6B0E00015B0C /* icybay.jpg */; };
		3ADFB11F24BE6B0E00015B0C /* umbagog.jpg in Resources */ = {isa = PBXBuildFile; fileRef = 3ADFB11324BE6B0E00015B0C /* umbagog.jpg */; };
		3ADFB12024BE6B0E00015B0C /* chincoteague.jpg in Resources */ = {isa = PBXBuildFile; fileRef = 3ADFB11424BE6B0E00015B0C /* chincoteague.jpg */; };
		3ADFB12124BE6B0E00015B0C /* stmarylake.jpg in Resources */ = {isa = PBXBuildFile; fileRef = 3ADFB11524BE6B0E00015B0C /* stmarylake.jpg */; };
		3ADFB12224BE6B0E00015B0C /* hiddenlake.jpg in Resources */ = {isa = PBXBuildFile; fileRef = 3ADFB11624BE6B0E00015B0C /* hiddenlake.jpg */; };
		3ADFB12424BE6C4A00015B0C /* UserData.swift in Sources */ = {isa = PBXBuildFile; fileRef = 3ADFB12324BE6C4A00015B0C /* UserData.swift */; };
		3ADFB12624BE6EB200015B0C /* landmarkData.json in Resources */ = {isa = PBXBuildFile; fileRef = 3ADFB12524BE6EB200015B0C /* landmarkData.json */; };
		3AF0C65424BB6F9C00A96E72 /* AppDelegate.swift in Sources */ = {isa = PBXBuildFile; fileRef = 3AF0C65324BB6F9C00A96E72 /* AppDelegate.swift */; };
		3AF0C65624BB6F9C00A96E72 /* SceneDelegate.swift in Sources */ = {isa = PBXBuildFile; fileRef = 3AF0C65524BB6F9C00A96E72 /* SceneDelegate.swift */; };
		3AF0C65824BB6F9C00A96E72 /* LandmarkDetail.swift in Sources */ = {isa = PBXBuildFile; fileRef = 3AF0C65724BB6F9C00A96E72 /* LandmarkDetail.swift */; };
		3AF0C65A24BB6F9D00A96E72 /* Assets.xcassets in Resources */ = {isa = PBXBuildFile; fileRef = 3AF0C65924BB6F9D00A96E72 /* Assets.xcassets */; };
		3AF0C65D24BB6F9D00A96E72 /* Preview Assets.xcassets in Resources */ = {isa = PBXBuildFile; fileRef = 3AF0C65C24BB6F9D00A96E72 /* Preview Assets.xcassets */; };
		3AF0C66024BB6F9D00A96E72 /* LaunchScreen.storyboard in Resources */ = {isa = PBXBuildFile; fileRef = 3AF0C65E24BB6F9D00A96E72 /* LaunchScreen.storyboard */; };
/* End PBXBuildFile section */

/* Begin PBXFileReference section */
		3A28989224BD1BCF004FF331 /* Landmark.swift */ = {isa = PBXFileReference; lastKnownFileType = sourcecode.swift; path = Landmark.swift; sourceTree = "<group>"; };
		3A2898B224BD1CC3004FF331 /* LandmarkRow.swift */ = {isa = PBXFileReference; lastKnownFileType = sourcecode.swift; path = LandmarkRow.swift; sourceTree = "<group>"; };
		3A2898B424BD1DA6004FF331 /* Data.swift */ = {isa = PBXFileReference; lastKnownFileType = sourcecode.swift; path = Data.swift; sourceTree = "<group>"; };
		3A2898B624BD1E88004FF331 /* LandmarkList.swift */ = {isa = PBXFileReference; lastKnownFileType = sourcecode.swift; path = LandmarkList.swift; sourceTree = "<group>"; };
		3A9C7E3A24BB9D07007D780F /* CircleImage.swift */ = {isa = PBXFileReference; lastKnownFileType = sourcecode.swift; path = CircleImage.swift; sourceTree = "<group>"; };
		3A9C7E3C24BB9D8E007D780F /* MapView.swift */ = {isa = PBXFileReference; lastKnownFileType = sourcecode.swift; path = MapView.swift; sourceTree = "<group>"; };
		3ADFB10B24BE6B0E00015B0C /* charleyrivers.jpg */ = {isa = PBXFileReference; lastKnownFileType = image.jpeg; name = charleyrivers.jpg; path = Landmarks/Resources/charleyrivers.jpg; sourceTree = SOURCE_ROOT; };
		3ADFB10C24BE6B0E00015B0C /* silversalmoncreek.jpg */ = {isa = PBXFileReference; lastKnownFileType = image.jpeg; name = silversalmoncreek.jpg; path = Landmarks/Resources/silversalmoncreek.jpg; sourceTree = SOURCE_ROOT; };
		3ADFB10D24BE6B0E00015B0C /* rainbowlake.jpg */ = {isa = PBXFileReference; lastKnownFileType = image.jpeg; name = rainbowlake.jpg; path = Landmarks/Resources/rainbowlake.jpg; sourceTree = SOURCE_ROOT; };
		3ADFB10E24BE6B0E00015B0C /* turtlerock.jpg */ = {isa = PBXFileReference; lastKnownFileType = image.jpeg; name = turtlerock.jpg; path = Landmarks/Resources/turtlerock.jpg; sourceTree = SOURCE_ROOT; };
		3ADFB10F24BE6B0E00015B0C /* twinlake.jpg */ = {isa = PBXFileReference; lastKnownFileType = image.jpeg; name = twinlake.jpg; path = Landmarks/Resources/twinlake.jpg; sourceTree = SOURCE_ROOT; };
		3ADFB11024BE6B0E00015B0C /* chilkoottrail.jpg */ = {isa = PBXFileReference; lastKnownFileType = image.jpeg; name = chilkoottrail.jpg; path = Landmarks/Resources/chilkoottrail.jpg; sourceTree = SOURCE_ROOT; };
		3ADFB11124BE6B0E00015B0C /* lakemcdonald.jpg */ = {isa = PBXFileReference; lastKnownFileType = image.jpeg; name = lakemcdonald.jpg; path = Landmarks/Resources/lakemcdonald.jpg; sourceTree = SOURCE_ROOT; };
		3ADFB11224BE6B0E00015B0C /* icybay.jpg */ = {isa = PBXFileReference; lastKnownFileType = image.jpeg; name = icybay.jpg; path = Landmarks/Resources/icybay.jpg; sourceTree = SOURCE_ROOT; };
		3ADFB11324BE6B0E00015B0C /* umbagog.jpg */ = {isa = PBXFileReference; lastKnownFileType = image.jpeg; name = umbagog.jpg; path = Landmarks/Resources/umbagog.jpg; sourceTree = SOURCE_ROOT; };
		3ADFB11424BE6B0E00015B0C /* chincoteague.jpg */ = {isa = PBXFileReference; lastKnownFileType = image.jpeg; name = chincoteague.jpg; path = Landmarks/Resources/chincoteague.jpg; sourceTree = SOURCE_ROOT; };
		3ADFB11524BE6B0E00015B0C /* stmarylake.jpg */ = {isa = PBXFileReference; lastKnownFileType = image.jpeg; name = stmarylake.jpg; path = Landmarks/Resources/stmarylake.jpg; sourceTree = SOURCE_ROOT; };
		3ADFB11624BE6B0E00015B0C /* hiddenlake.jpg */ = {isa = PBXFileReference; lastKnownFileType = image.jpeg; name = hiddenlake.jpg; path = Landmarks/Resources/hiddenlake.jpg; sourceTree = SOURCE_ROOT; };
		3ADFB12324BE6C4A00015B0C /* UserData.swift */ = {isa = PBXFileReference; lastKnownFileType = sourcecode.swift; path = UserData.swift; sourceTree = "<group>"; };
		3ADFB12524BE6EB200015B0C /* landmarkData.json */ = {isa = PBXFileReference; fileEncoding = 4; lastKnownFileType = text.json; name = landmarkData.json; path = Landmarks/Resources/landmarkData.json; sourceTree = SOURCE_ROOT; };
		3AF0C65024BB6F9C00A96E72 /* Landmarks.app */ = {isa = PBXFileReference; explicitFileType = wrapper.application; includeInIndex = 0; path = Landmarks.app; sourceTree = BUILT_PRODUCTS_DIR; };
		3AF0C65324BB6F9C00A96E72 /* AppDelegate.swift */ = {isa = PBXFileReference; lastKnownFileType = sourcecode.swift; path = AppDelegate.swift; sourceTree = "<group>"; };
		3AF0C65524BB6F9C00A96E72 /* SceneDelegate.swift */ = {isa = PBXFileReference; lastKnownFileType = sourcecode.swift; path = SceneDelegate.swift; sourceTree = "<group>"; };
		3AF0C65724BB6F9C00A96E72 /* LandmarkDetail.swift */ = {isa = PBXFileReference; lastKnownFileType = sourcecode.swift; path = LandmarkDetail.swift; sourceTree = "<group>"; };
		3AF0C65924BB6F9D00A96E72 /* Assets.xcassets */ = {isa = PBXFileReference; lastKnownFileType = folder.assetcatalog; path = Assets.xcassets; sourceTree = "<group>"; };
		3AF0C65C24BB6F9D00A96E72 /* Preview Assets.xcassets */ = {isa = PBXFileReference; lastKnownFileType = folder.assetcatalog; path = "Preview Assets.xcassets"; sourceTree = "<group>"; };
		3AF0C65F24BB6F9D00A96E72 /* Base */ = {isa = PBXFileReference; lastKnownFileType = file.storyboard; name = Base; path = Base.lproj/LaunchScreen.storyboard; sourceTree = "<group>"; };
		3AF0C66124BB6F9D00A96E72 /* Info.plist */ = {isa = PBXFileReference; lastKnownFileType = text.plist.xml; path = Info.plist; sourceTree = "<group>"; };
/* End PBXFileReference section */

/* Begin PBXFrameworksBuildPhase section */
		3AF0C64D24BB6F9C00A96E72 /* Frameworks */ = {
			isa = PBXFrameworksBuildPhase;
			buildActionMask = 2147483647;
			files = (
			);
			runOnlyForDeploymentPostprocessing = 0;
		};
/* End PBXFrameworksBuildPhase section */

/* Begin PBXGroup section */
		3A28989124BD1BBE004FF331 /* Models */ = {
			isa = PBXGroup;
			children = (
				3A28989224BD1BCF004FF331 /* Landmark.swift */,
				3A2898B424BD1DA6004FF331 /* Data.swift */,
				3ADFB12324BE6C4A00015B0C /* UserData.swift */,
			);
			path = Models;
			sourceTree = "<group>";
		};
		3A28989624BD1C5B004FF331 /* Resources */ = {
			isa = PBXGroup;
			children = (
				3ADFB12524BE6EB200015B0C /* landmarkData.json */,
				3ADFB10B24BE6B0E00015B0C /* charleyrivers.jpg */,
				3ADFB11024BE6B0E00015B0C /* chilkoottrail.jpg */,
				3ADFB11424BE6B0E00015B0C /* chincoteague.jpg */,
				3ADFB11624BE6B0E00015B0C /* hiddenlake.jpg */,
				3ADFB11224BE6B0E00015B0C /* icybay.jpg */,
				3ADFB11124BE6B0E00015B0C /* lakemcdonald.jpg */,
				3ADFB10D24BE6B0E00015B0C /* rainbowlake.jpg */,
				3ADFB10C24BE6B0E00015B0C /* silversalmoncreek.jpg */,
				3ADFB11524BE6B0E00015B0C /* stmarylake.jpg */,
				3ADFB10E24BE6B0E00015B0C /* turtlerock.jpg */,
				3ADFB10F24BE6B0E00015B0C /* twinlake.jpg */,
				3ADFB11324BE6B0E00015B0C /* umbagog.jpg */,
			);
			name = Resources;
			path = ../../../../Downloads/BuildingListsAndNavigation/Complete/Landmarks/Landmarks/Resources;
			sourceTree = "<group>";
		};
		3A2898B124BD1C66004FF331 /* Supporting Views */ = {
			isa = PBXGroup;
			children = (
				3A9C7E3A24BB9D07007D780F /* CircleImage.swift */,
				3A9C7E3C24BB9D8E007D780F /* MapView.swift */,
				3A2898B224BD1CC3004FF331 /* LandmarkRow.swift */,
			);
			path = "Supporting Views";
			sourceTree = "<group>";
		};
		3AF0C64724BB6F9C00A96E72 = {
			isa = PBXGroup;
			children = (
				3AF0C65224BB6F9C00A96E72 /* Landmarks */,
				3AF0C65124BB6F9C00A96E72 /* Products */,
			);
			sourceTree = "<group>";
		};
		3AF0C65124BB6F9C00A96E72 /* Products */ = {
			isa = PBXGroup;
			children = (
				3AF0C65024BB6F9C00A96E72 /* Landmarks.app */,
			);
			name = Products;
			sourceTree = "<group>";
		};
		3AF0C65224BB6F9C00A96E72 /* Landmarks */ = {
			isa = PBXGroup;
			children = (
				3A2898B124BD1C66004FF331 /* Supporting Views */,
				3A28989624BD1C5B004FF331 /* Resources */,
				3A28989124BD1BBE004FF331 /* Models */,
				3AF0C65324BB6F9C00A96E72 /* AppDelegate.swift */,
				3AF0C65524BB6F9C00A96E72 /* SceneDelegate.swift */,
				3AF0C65724BB6F9C00A96E72 /* LandmarkDetail.swift */,
				3A2898B624BD1E88004FF331 /* LandmarkList.swift */,
				3AF0C65924BB6F9D00A96E72 /* Assets.xcassets */,
				3AF0C65E24BB6F9D00A96E72 /* LaunchScreen.storyboard */,
				3AF0C66124BB6F9D00A96E72 /* Info.plist */,
				3AF0C65B24BB6F9D00A96E72 /* Preview Content */,
			);
			path = Landmarks;
			sourceTree = "<group>";
		};
		3AF0C65B24BB6F9D00A96E72 /* Preview Content */ = {
			isa = PBXGroup;
			children = (
				3AF0C65C24BB6F9D00A96E72 /* Preview Assets.xcassets */,
			);
			path = "Preview Content";
			sourceTree = "<group>";
		};
/* End PBXGroup section */

/* Begin PBXNativeTarget section */
		3AF0C64F24BB6F9C00A96E72 /* Landmarks */ = {
			isa = PBXNativeTarget;
			buildConfigurationList = 3AF0C66424BB6F9D00A96E72 /* Build configuration list for PBXNativeTarget "Landmarks" */;
			buildPhases = (
				3AF0C64C24BB6F9C00A96E72 /* Sources */,
				3AF0C64D24BB6F9C00A96E72 /* Frameworks */,
				3AF0C64E24BB6F9C00A96E72 /* Resources */,
			);
			buildRules = (
			);
			dependencies = (
			);
			name = Landmarks;
			productName = Landmarks;
			productReference = 3AF0C65024BB6F9C00A96E72 /* Landmarks.app */;
			productType = "com.apple.product-type.application";
		};
/* End PBXNativeTarget section */

/* Begin PBXProject section */
		3AF0C64824BB6F9C00A96E72 /* Project object */ = {
			isa = PBXProject;
			attributes = {
				LastSwiftUpdateCheck = 1130;
				LastUpgradeCheck = 1130;
				ORGANIZATIONNAME = "Janessa Tran";
				TargetAttributes = {
					3AF0C64F24BB6F9C00A96E72 = {
						CreatedOnToolsVersion = 11.3.1;
					};
				};
			};
			buildConfigurationList = 3AF0C64B24BB6F9C00A96E72 /* Build configuration list for PBXProject "Landmarks" */;
			compatibilityVersion = "Xcode 9.3";
			developmentRegion = en;
			hasScannedForEncodings = 0;
			knownRegions = (
				en,
				Base,
			);
			mainGroup = 3AF0C64724BB6F9C00A96E72;
			productRefGroup = 3AF0C65124BB6F9C00A96E72 /* Products */;
			projectDirPath = "";
			projectRoot = "";
			targets = (
				3AF0C64F24BB6F9C00A96E72 /* Landmarks */,
			);
		};
/* End PBXProject section */

/* Begin PBXResourcesBuildPhase section */
		3AF0C64E24BB6F9C00A96E72 /* Resources */ = {
			isa = PBXResourcesBuildPhase;
			buildActionMask = 2147483647;
			files = (
				3ADFB11F24BE6B0E00015B0C /* umbagog.jpg in Resources */,
				3ADFB11824BE6B0E00015B0C /* silversalmoncreek.jpg in Resources */,
				3ADFB11C24BE6B0E00015B0C /* chilkoottrail.jpg in Resources */,
				3ADFB11924BE6B0E00015B0C /* rainbowlake.jpg in Resources */,
				3ADFB11B24BE6B0E00015B0C /* twinlake.jpg in Resources */,
				3ADFB12024BE6B0E00015B0C /* chincoteague.jpg in Resources */,
				3ADFB12124BE6B0E00015B0C /* stmarylake.jpg in Resources */,
				3ADFB11E24BE6B0E00015B0C /* icybay.jpg in Resources */,
				3ADFB11A24BE6B0E00015B0C /* turtlerock.jpg in Resources */,
				3AF0C66024BB6F9D00A96E72 /* LaunchScreen.storyboard in Resources */,
				3ADFB11D24BE6B0E00015B0C /* lakemcdonald.jpg in Resources */,
				3AF0C65D24BB6F9D00A96E72 /* Preview Assets.xcassets in Resources */,
				3AF0C65A24BB6F9D00A96E72 /* Assets.xcassets in Resources */,
				3ADFB12624BE6EB200015B0C /* landmarkData.json in Resources */,
				3ADFB12224BE6B0E00015B0C /* hiddenlake.jpg in Resources */,
				3ADFB11724BE6B0E00015B0C /* charleyrivers.jpg in Resources */,
			);
			runOnlyForDeploymentPostprocessing = 0;
		};
/* End PBXResourcesBuildPhase section */

/* Begin PBXSourcesBuildPhase section */
		3AF0C64C24BB6F9C00A96E72 /* Sources */ = {
			isa = PBXSourcesBuildPhase;
			buildActionMask = 2147483647;
			files = (
				3AF0C65424BB6F9C00A96E72 /* AppDelegate.swift in Sources */,
				3A9C7E3B24BB9D07007D780F /* CircleImage.swift in Sources */,
				3A9C7E3D24BB9D8E007D780F /* MapView.swift in Sources */,
				3AF0C65624BB6F9C00A96E72 /* SceneDelegate.swift in Sources */,
				3A2898B724BD1E88004FF331 /* LandmarkList.swift in Sources */,
				3AF0C65824BB6F9C00A96E72 /* LandmarkDetail.swift in Sources */,
				3A2898B324BD1CC3004FF331 /* LandmarkRow.swift in Sources */,
				3A28989324BD1BCF004FF331 /* Landmark.swift in Sources */,
				3ADFB12424BE6C4A00015B0C /* UserData.swift in Sources */,
				3A2898B524BD1DA6004FF331 /* Data.swift in Sources */,
			);
			runOnlyForDeploymentPostprocessing = 0;
		};
/* End PBXSourcesBuildPhase section */

/* Begin PBXVariantGroup section */
		3AF0C65E24BB6F9D00A96E72 /* LaunchScreen.storyboard */ = {
			isa = PBXVariantGroup;
			children = (
				3AF0C65F24BB6F9D00A96E72 /* Base */,
			);
			name = LaunchScreen.storyboard;
			sourceTree = "<group>";
		};
/* End PBXVariantGroup section */

/* Begin XCBuildConfiguration section */
		3AF0C66224BB6F9D00A96E72 /* Debug */ = {
			isa = XCBuildConfiguration;
			buildSettings = {
				ALWAYS_SEARCH_USER_PATHS = NO;
				CLANG_ANALYZER_NONNULL = YES;
				CLANG_ANALYZER_NUMBER_OBJECT_CONVERSION = YES_AGGRESSIVE;
				CLANG_CXX_LANGUAGE_STANDARD = "gnu++14";
				CLANG_CXX_LIBRARY = "libc++";
				CLANG_ENABLE_MODULES = YES;
				CLANG_ENABLE_OBJC_ARC = YES;
				CLANG_ENABLE_OBJC_WEAK = YES;
				CLANG_WARN_BLOCK_CAPTURE_AUTORELEASING = YES;
				CLANG_WARN_BOOL_CONVERSION = YES;
				CLANG_WARN_COMMA = YES;
				CLANG_WARN_CONSTANT_CONVERSION = YES;
				CLANG_WARN_DEPRECATED_OBJC_IMPLEMENTATIONS = YES;
				CLANG_WARN_DIRECT_OBJC_ISA_USAGE = YES_ERROR;
				CLANG_WARN_DOCUMENTATION_COMMENTS = YES;
				CLANG_WARN_EMPTY_BODY = YES;
				CLANG_WARN_ENUM_CONVERSION = YES;
				CLANG_WARN_INFINITE_RECURSION = YES;
				CLANG_WARN_INT_CONVERSION = YES;
				CLANG_WARN_NON_LITERAL_NULL_CONVERSION = YES;
				CLANG_WARN_OBJC_IMPLICIT_RETAIN_SELF = YES;
				CLANG_WARN_OBJC_LITERAL_CONVERSION = YES;
				CLANG_WARN_OBJC_ROOT_CLASS = YES_ERROR;
				CLANG_WARN_RANGE_LOOP_ANALYSIS = YES;
				CLANG_WARN_STRICT_PROTOTYPES = YES;
				CLANG_WARN_SUSPICIOUS_MOVE = YES;
				CLANG_WARN_UNGUARDED_AVAILABILITY = YES_AGGRESSIVE;
				CLANG_WARN_UNREACHABLE_CODE = YES;
				CLANG_WARN__DUPLICATE_METHOD_MATCH = YES;
				COPY_PHASE_STRIP = NO;
				DEBUG_INFORMATION_FORMAT = dwarf;
				ENABLE_STRICT_OBJC_MSGSEND = YES;
				ENABLE_TESTABILITY = YES;
				GCC_C_LANGUAGE_STANDARD = gnu11;
				GCC_DYNAMIC_NO_PIC = NO;
				GCC_NO_COMMON_BLOCKS = YES;
				GCC_OPTIMIZATION_LEVEL = 0;
				GCC_PREPROCESSOR_DEFINITIONS = (
					"DEBUG=1",
					"$(inherited)",
				);
				GCC_WARN_64_TO_32_BIT_CONVERSION = YES;
				GCC_WARN_ABOUT_RETURN_TYPE = YES_ERROR;
				GCC_WARN_UNDECLARED_SELECTOR = YES;
				GCC_WARN_UNINITIALIZED_AUTOS = YES_AGGRESSIVE;
				GCC_WARN_UNUSED_FUNCTION = YES;
				GCC_WARN_UNUSED_VARIABLE = YES;
				IPHONEOS_DEPLOYMENT_TARGET = 13.2;
				MTL_ENABLE_DEBUG_INFO = INCLUDE_SOURCE;
				MTL_FAST_MATH = YES;
				ONLY_ACTIVE_ARCH = YES;
				SDKROOT = iphoneos;
				SWIFT_ACTIVE_COMPILATION_CONDITIONS = DEBUG;
				SWIFT_OPTIMIZATION_LEVEL = "-Onone";
			};
			name = Debug;
		};
		3AF0C66324BB6F9D00A96E72 /* Release */ = {
			isa = XCBuildConfiguration;
			buildSettings = {
				ALWAYS_SEARCH_USER_PATHS = NO;
				CLANG_ANALYZER_NONNULL = YES;
				CLANG_ANALYZER_NUMBER_OBJECT_CONVERSION = YES_AGGRESSIVE;
				CLANG_CXX_LANGUAGE_STANDARD = "gnu++14";
				CLANG_CXX_LIBRARY = "libc++";
				CLANG_ENABLE_MODULES = YES;
				CLANG_ENABLE_OBJC_ARC = YES;
				CLANG_ENABLE_OBJC_WEAK = YES;
				CLANG_WARN_BLOCK_CAPTURE_AUTORELEASING = YES;
				CLANG_WARN_BOOL_CONVERSION = YES;
				CLANG_WARN_COMMA = YES;
				CLANG_WARN_CONSTANT_CONVERSION = YES;
				CLANG_WARN_DEPRECATED_OBJC_IMPLEMENTATIONS = YES;
				CLANG_WARN_DIRECT_OBJC_ISA_USAGE = YES_ERROR;
				CLANG_WARN_DOCUMENTATION_COMMENTS = YES;
				CLANG_WARN_EMPTY_BODY = YES;
				CLANG_WARN_ENUM_CONVERSION = YES;
				CLANG_WARN_INFINITE_RECURSION = YES;
				CLANG_WARN_INT_CONVERSION = YES;
				CLANG_WARN_NON_LITERAL_NULL_CONVERSION = YES;
				CLANG_WARN_OBJC_IMPLICIT_RETAIN_SELF = YES;
				CLANG_WARN_OBJC_LITERAL_CONVERSION = YES;
				CLANG_WARN_OBJC_ROOT_CLASS = YES_ERROR;
				CLANG_WARN_RANGE_LOOP_ANALYSIS = YES;
				CLANG_WARN_STRICT_PROTOTYPES = YES;
				CLANG_WARN_SUSPICIOUS_MOVE = YES;
				CLANG_WARN_UNGUARDED_AVAILABILITY = YES_AGGRESSIVE;
				CLANG_WARN_UNREACHABLE_CODE = YES;
				CLANG_WARN__DUPLICATE_METHOD_MATCH = YES;
				COPY_PHASE_STRIP = NO;
				DEBUG_INFORMATION_FORMAT = "dwarf-with-dsym";
				ENABLE_NS_ASSERTIONS = NO;
				ENABLE_STRICT_OBJC_MSGSEND = YES;
				GCC_C_LANGUAGE_STANDARD = gnu11;
				GCC_NO_COMMON_BLOCKS = YES;
				GCC_WARN_64_TO_32_BIT_CONVERSION = YES;
				GCC_WARN_ABOUT_RETURN_TYPE = YES_ERROR;
				GCC_WARN_UNDECLARED_SELECTOR = YES;
				GCC_WARN_UNINITIALIZED_AUTOS = YES_AGGRESSIVE;
				GCC_WARN_UNUSED_FUNCTION = YES;
				GCC_WARN_UNUSED_VARIABLE = YES;
				IPHONEOS_DEPLOYMENT_TARGET = 13.2;
				MTL_ENABLE_DEBUG_INFO = NO;
				MTL_FAST_MATH = YES;
				SDKROOT = iphoneos;
				SWIFT_COMPILATION_MODE = wholemodule;
				SWIFT_OPTIMIZATION_LEVEL = "-O";
				VALIDATE_PRODUCT = YES;
			};
			name = Release;
		};
		3AF0C66524BB6F9D00A96E72 /* Debug */ = {
			isa = XCBuildConfiguration;
			buildSettings = {
				ASSETCATALOG_COMPILER_APPICON_NAME = AppIcon;
				CODE_SIGN_STYLE = Automatic;
				DEVELOPMENT_ASSET_PATHS = "\"Landmarks/Preview Content\"";
				DEVELOPMENT_TEAM = AVGX93U5KZ;
				ENABLE_PREVIEWS = YES;
				INFOPLIST_FILE = Landmarks/Info.plist;
				LD_RUNPATH_SEARCH_PATHS = (
					"$(inherited)",
					"@executable_path/Frameworks",
				);
				PRODUCT_BUNDLE_IDENTIFIER = com.example.Landmarks;
				PRODUCT_NAME = "$(TARGET_NAME)";
				SWIFT_VERSION = 5.0;
				TARGETED_DEVICE_FAMILY = "1,2";
			};
			name = Debug;
		};
		3AF0C66624BB6F9D00A96E72 /* Release */ = {
			isa = XCBuildConfiguration;
			buildSettings = {
				ASSETCATALOG_COMPILER_APPICON_NAME = AppIcon;
				CODE_SIGN_STYLE = Automatic;
				DEVELOPMENT_ASSET_PATHS = "\"Landmarks/Preview Content\"";
				DEVELOPMENT_TEAM = AVGX93U5KZ;
				ENABLE_PREVIEWS = YES;
				INFOPLIST_FILE = Landmarks/Info.plist;
				LD_RUNPATH_SEARCH_PATHS = (
					"$(inherited)",
					"@executable_path/Frameworks",
				);
				PRODUCT_BUNDLE_IDENTIFIER = com.example.Landmarks;
				PRODUCT_NAME = "$(TARGET_NAME)";
				SWIFT_VERSION = 5.0;
				TARGETED_DEVICE_FAMILY = "1,2";
			};
			name = Release;
		};
/* End XCBuildConfiguration section */

/* Begin XCConfigurationList section */
		3AF0C64B24BB6F9C00A96E72 /* Build configuration list for PBXProject "Landmarks" */ = {
			isa = XCConfigurationList;
			buildConfigurations = (
				3AF0C66224BB6F9D00A96E72 /* Debug */,
				3AF0C66324BB6F9D00A96E72 /* Release */,
			);
			defaultConfigurationIsVisible = 0;
			defaultConfigurationName = Release;
		};
		3AF0C66424BB6F9D00A96E72 /* Build configuration list for PBXNativeTarget "Landmarks" */ = {
			isa = XCConfigurationList;
			buildConfigurations = (
				3AF0C66524BB6F9D00A96E72 /* Debug */,
				3AF0C66624BB6F9D00A96E72 /* Release */,
			);
			defaultConfigurationIsVisible = 0;
			defaultConfigurationName = Release;
		};
/* End XCConfigurationList section */
	};
	rootObject = 3AF0C64824BB6F9C00A96E72 /* Project object */;
}
